
Microsoft Visual Studio Solution File, Format Version 12.00
# Visual Studio Version 16
VisualStudioVersion = 16.0.30413.136
MinimumVisualStudioVersion = 10.0.40219.1
Project("{FAE04EC0-301F-11D3-BF4B-00C04F79EFBC}") = "todoList.Android", "todoList\todoList.Android\todoList.Android.csproj", "{8ED42C8E-3AD3-426D-BE79-2E0EE7A78C85}"
EndProject
Project("{FAE04EC0-301F-11D3-BF4B-00C04F79EFBC}") = "todoList.iOS", "todoList\todoList.iOS\todoList.iOS.csproj", "{E70D5F6A-20A7-4D1E-AAE1-38F31BA4F5D9}"
EndProject
Project("{FAE04EC0-301F-11D3-BF4B-00C04F79EFBC}") = "todoList", "todoList\todoList\todoList.csproj", "{0C174E90-8273-477F-84BA-FCEB27DB34E0}"
EndProject
Global
	GlobalSection(SolutionConfigurationPlatforms) = preSolution
		Debug|Any CPU = Debug|Any CPU
		Debug|iPhone = Debug|iPhone
		Debug|iPhoneSimulator = Debug|iPhoneSimulator
		Release|Any CPU = Release|Any CPU
		Release|iPhone = Release|iPhone
		Release|iPhoneSimulator = Release|iPhoneSimulator
	EndGlobalSection
	GlobalSection(ProjectConfigurationPlatforms) = postSolution
		{8ED42C8E-3AD3-426D-BE79-2E0EE7A78C85}.Debug|Any CPU.ActiveCfg = Debug|Any CPU
		{8ED42C8E-3AD3-426D-BE79-2E0EE7A78C85}.Debug|Any CPU.Build.0 = Debug|Any CPU
		{8ED42C8E-3AD3-426D-BE79-2E0EE7A78C85}.Debug|Any CPU.Deploy.0 = Debug|Any CPU
		{8ED42C8E-3AD3-426D-BE79-2E0EE7A78C85}.Debug|iPhone.ActiveCfg = Debug|Any CPU
		{8ED42C8E-3AD3-426D-BE79-2E0EE7A78C85}.Debug|iPhone.Build.0 = Debug|Any CPU
		{8ED42C8E-3AD3-426D-BE79-2E0EE7A78C85}.Debug|iPhone.Deploy.0 = Debug|Any CPU
		{8ED42C8E-3AD3-426D-BE79-2E0EE7A78C85}.Debug|iPhoneSimulator.ActiveCfg = Debug|Any CPU
		{8ED42C8E-3AD3-426D-BE79-2E0EE7A78C85}.Debug|iPhoneSimulator.Build.0 = Debug|Any CPU
		{8ED42C8E-3AD3-426D-BE79-2E0EE7A78C85}.Debug|iPhoneSimulator.Deploy.0 = Debug|Any CPU
		{8ED42C8E-3AD3-426D-BE79-2E0EE7A78C85}.Release|Any CPU.ActiveCfg = Release|Any CPU
		{8ED42C8E-3AD3-426D-BE79-2E0EE7A78C85}.Release|Any CPU.Build.0 = Release|Any CPU
		{8ED42C8E-3AD3-426D-BE79-2E0EE7A78C85}.Release|Any CPU.Deploy.0 = Release|Any CPU
		{8ED42C8E-3AD3-426D-BE79-2E0EE7A78C85}.Release|iPhone.ActiveCfg = Release|Any CPU
		{8ED42C8E-3AD3-426D-BE79-2E0EE7A78C85}.Release|iPhone.Build.0 = Release|Any CPU
		{8ED42C8E-3AD3-426D-BE79-2E0EE7A78C85}.Release|iPhone.Deploy.0 = Release|Any CPU
		{8ED42C8E-3AD3-426D-BE79-2E0EE7A78C85}.Release|iPhoneSimulator.ActiveCfg = Release|Any CPU
		{8ED42C8E-3AD3-426D-BE79-2E0EE7A78C85}.Release|iPhoneSimulator.Build.0 = Release|Any CPU
		{8ED42C8E-3AD3-426D-BE79-2E0EE7A78C85}.Release|iPhoneSimulator.Deploy.0 = Release|Any CPU
		{E70D5F6A-20A7-4D1E-AAE1-38F31BA4F5D9}.Debug|Any CPU.ActiveCfg = Debug|iPhone
		{E70D5F6A-20A7-4D1E-AAE1-38F31BA4F5D9}.Debug|Any CPU.Build.0 = Debug|iPhone
		{E70D5F6A-20A7-4D1E-AAE1-38F31BA4F5D9}.Debug|Any CPU.Deploy.0 = Debug|iPhone
		{E70D5F6A-20A7-4D1E-AAE1-38F31BA4F5D9}.Debug|iPhone.ActiveCfg = Debug|iPhone
		{E70D5F6A-20A7-4D1E-AAE1-38F31BA4F5D9}.Debug|iPhone.Build.0 = Debug|iPhone
		{E70D5F6A-20A7-4D1E-AAE1-38F31BA4F5D9}.Debug|iPhone.Deploy.0 = Debug|iPhone
		{E70D5F6A-20A7-4D1E-AAE1-38F31BA4F5D9}.Debug|iPhoneSimulator.ActiveCfg = Debug|iPhoneSimulator
		{E70D5F6A-20A7-4D1E-AAE1-38F31BA4F5D9}.Debug|iPhoneSimulator.Build.0 = Debug|iPhoneSimulator
		{E70D5F6A-20A7-4D1E-AAE1-38F31BA4F5D9}.Debug|iPhoneSimulator.Deploy.0 = Debug|iPhoneSimulator
		{E70D5F6A-20A7-4D1E-AAE1-38F31BA4F5D9}.Release|Any CPU.ActiveCfg = Release|iPhone
		{E70D5F6A-20A7-4D1E-AAE1-38F31BA4F5D9}.Release|Any CPU.Build.0 = Release|iPhone
		{E70D5F6A-20A7-4D1E-AAE1-38F31BA4F5D9}.Release|Any CPU.Deploy.0 = Release|iPhone
		{E70D5F6A-20A7-4D1E-AAE1-38F31BA4F5D9}.Release|iPhone.ActiveCfg = Release|iPhone
		{E70D5F6A-20A7-4D1E-AAE1-38F31BA4F5D9}.Release|iPhone.Build.0 = Release|iPhone
		{E70D5F6A-20A7-4D1E-AAE1-38F31BA4F5D9}.Release|iPhone.Deploy.0 = Release|iPhone
		{E70D5F6A-20A7-4D1E-AAE1-38F31BA4F5D9}.Release|iPhoneSimulator.ActiveCfg = Release|iPhoneSimulator
		{E70D5F6A-20A7-4D1E-AAE1-38F31BA4F5D9}.Release|iPhoneSimulator.Build.0 = Release|iPhoneSimulator
		{E70D5F6A-20A7-4D1E-AAE1-38F31BA4F5D9}.Release|iPhoneSimulator.Deploy.0 = Release|iPhoneSimulator
		{0C174E90-8273-477F-84BA-FCEB27DB34E0}.Debug|Any CPU.ActiveCfg = Debug|Any CPU
		{0C174E90-8273-477F-84BA-FCEB27DB34E0}.Debug|Any CPU.Build.0 = Debug|Any CPU
		{0C174E90-8273-477F-84BA-FCEB27DB34E0}.Debug|Any CPU.Deploy.0 = Debug|Any CPU
		{0C174E90-8273-477F-84BA-FCEB27DB34E0}.Debug|iPhone.ActiveCfg = Debug|Any CPU
		{0C174E90-8273-477F-84BA-FCEB27DB34E0}.Debug|iPhone.Build.0 = Debug|Any CPU
		{0C174E90-8273-477F-84BA-FCEB27DB34E0}.Debug|iPhone.Deploy.0 = Debug|Any CPU
		{0C174E90-8273-477F-84BA-FCEB27DB34E0}.Debug|iPhoneSimulator.ActiveCfg = Debug|Any CPU
		{0C174E90-8273-477F-84BA-FCEB27DB34E0}.Debug|iPhoneSimulator.Build.0 = Debug|Any CPU
		{0C174E90-8273-477F-84BA-FCEB27DB34E0}.Debug|iPhoneSimulator.Deploy.0 = Debug|Any CPU
		{0C174E90-8273-477F-84BA-FCEB27DB34E0}.Release|Any CPU.ActiveCfg = Release|Any CPU
		{0C174E90-8273-477F-84BA-FCEB27DB34E0}.Release|Any CPU.Build.0 = Release|Any CPU
		{0C174E90-8273-477F-84BA-FCEB27DB34E0}.Release|Any CPU.Deploy.0 = Release|Any CPU
		{0C174E90-8273-477F-84BA-FCEB27DB34E0}.Release|iPhone.ActiveCfg = Release|Any CPU
		{0C174E90-8273-477F-84BA-FCEB27DB34E0}.Release|iPhone.Build.0 = Release|Any CPU
		{0C174E90-8273-477F-84BA-FCEB27DB34E0}.Release|iPhone.Deploy.0 = Release|Any CPU
		{0C174E90-8273-477F-84BA-FCEB27DB34E0}.Release|iPhoneSimulator.ActiveCfg = Release|Any CPU
		{0C174E90-8273-477F-84BA-FCEB27DB34E0}.Release|iPhoneSimulator.Build.0 = Release|Any CPU
		{0C174E90-8273-477F-84BA-FCEB27DB34E0}.Release|iPhoneSimulator.Deploy.0 = Release|Any CPU
	EndGlobalSection
	GlobalSection(SolutionProperties) = preSolution
		HideSolutionNode = FALSE
	EndGlobalSection
	GlobalSection(ExtensibilityGlobals) = postSolution
		SolutionGuid = {049D5307-B598-4AB3-A09C-BFBBE566D345}
	EndGlobalSection
EndGlobal
